
Microsoft Visual Studio Solution File, Format Version 12.00
# Visual Studio Version 17
VisualStudioVersion = 17.13.35931.197
MinimumVisualStudioVersion = 10.0.40219.1
Project("{8BC9CEB8-8B4A-11D0-8D11-00A0C91BC942}") = "Client", "Client.vcxproj", "{6A7935C6-9664-407C-B657-B3B36193FFB1}"
EndProject
Global
	GlobalSection(SolutionConfigurationPlatforms) = preSolution
		Debug|x64 = Debug|x64
		Release|x64 = Release|x64
	EndGlobalSection
	GlobalSection(ProjectConfigurationPlatforms) = postSolution
		{6A7935C6-9664-407C-B657-B3B36193FFB1}.Debug|x64.ActiveCfg = Debug|x64
		{6A7935C6-9664-407C-B657-B3B36193FFB1}.Debug|x64.Build.0 = Debug|x64
		{6A7935C6-9664-407C-B657-B3B36193FFB1}.Release|x64.ActiveCfg = Release|x64
		{6A7935C6-9664-407C-B657-B3B36193FFB1}.Release|x64.Build.0 = Release|x64
	EndGlobalSection
	GlobalSection(SolutionProperties) = preSolution
		HideSolutionNode = FALSE
	EndGlobalSection
	GlobalSection(ExtensibilityGlobals) = postSolution
		SolutionGuid = {57160E85-C13E-411D-9DEE-C6CEA1CDC91D}
	EndGlobalSection
EndGlobal
